
Microsoft Visual Studio Solution File, Format Version 12.00
# Visual Studio Version 17
VisualStudioVersion = 17.10.35027.167
MinimumVisualStudioVersion = 10.0.40219.1
Project("{FAE04EC0-301F-11D3-BF4B-00C04F79EFBC}") = "YolArkadasi", "YolArkadasi\YolArkadasi.csproj", "{42252F8A-D65C-4922-9BED-FF421B56B19E}"
EndProject
Global
	GlobalSection(SolutionConfigurationPlatforms) = preSolution
		Debug|Any CPU = Debug|Any CPU
		Release|Any CPU = Release|Any CPU
	EndGlobalSection
	GlobalSection(ProjectConfigurationPlatforms) = postSolution
		{42252F8A-D65C-4922-9BED-FF421B56B19E}.Debug|Any CPU.ActiveCfg = Debug|Any CPU
		{42252F8A-D65C-4922-9BED-FF421B56B19E}.Debug|Any CPU.Build.0 = Debug|Any CPU
		{42252F8A-D65C-4922-9BED-FF421B56B19E}.Release|Any CPU.ActiveCfg = Release|Any CPU
		{42252F8A-D65C-4922-9BED-FF421B56B19E}.Release|Any CPU.Build.0 = Release|Any CPU
	EndGlobalSection
	GlobalSection(SolutionProperties) = preSolution
		HideSolutionNode = FALSE
	EndGlobalSection
	GlobalSection(ExtensibilityGlobals) = postSolution
		SolutionGuid = {88C0A994-E06E-4082-8805-23F88EF3D0B6}
	EndGlobalSection
EndGlobal
